
Microsoft Visual Studio Solution File, Format Version 12.00
# Visual Studio Version 16
VisualStudioVersion = 16.6.30114.105
MinimumVisualStudioVersion = 10.0.40219.1
Project("{FAE04EC0-301F-11D3-BF4B-00C04F79EFBC}") = "DoubleDispatch", "DoubleDispatch\DoubleDispatch.csproj", "{1FCC6AAC-E8BA-48A8-94AD-2A1F8DC5B571}"
EndProject
Global
	GlobalSection(SolutionConfigurationPlatforms) = preSolution
		Debug|Any CPU = Debug|Any CPU
		Debug|x64 = Debug|x64
		Debug|x86 = Debug|x86
		Release|Any CPU = Release|Any CPU
		Release|x64 = Release|x64
		Release|x86 = Release|x86
	EndGlobalSection
	GlobalSection(SolutionProperties) = preSolution
		HideSolutionNode = FALSE
	EndGlobalSection
	GlobalSection(ProjectConfigurationPlatforms) = postSolution
		{1FCC6AAC-E8BA-48A8-94AD-2A1F8DC5B571}.Debug|Any CPU.ActiveCfg = Debug|Any CPU
		{1FCC6AAC-E8BA-48A8-94AD-2A1F8DC5B571}.Debug|Any CPU.Build.0 = Debug|Any CPU
		{1FCC6AAC-E8BA-48A8-94AD-2A1F8DC5B571}.Debug|x64.ActiveCfg = Debug|Any CPU
		{1FCC6AAC-E8BA-48A8-94AD-2A1F8DC5B571}.Debug|x64.Build.0 = Debug|Any CPU
		{1FCC6AAC-E8BA-48A8-94AD-2A1F8DC5B571}.Debug|x86.ActiveCfg = Debug|Any CPU
		{1FCC6AAC-E8BA-48A8-94AD-2A1F8DC5B571}.Debug|x86.Build.0 = Debug|Any CPU
		{1FCC6AAC-E8BA-48A8-94AD-2A1F8DC5B571}.Release|Any CPU.ActiveCfg = Release|Any CPU
		{1FCC6AAC-E8BA-48A8-94AD-2A1F8DC5B571}.Release|Any CPU.Build.0 = Release|Any CPU
		{1FCC6AAC-E8BA-48A8-94AD-2A1F8DC5B571}.Release|x64.ActiveCfg = Release|Any CPU
		{1FCC6AAC-E8BA-48A8-94AD-2A1F8DC5B571}.Release|x64.Build.0 = Release|Any CPU
		{1FCC6AAC-E8BA-48A8-94AD-2A1F8DC5B571}.Release|x86.ActiveCfg = Release|Any CPU
		{1FCC6AAC-E8BA-48A8-94AD-2A1F8DC5B571}.Release|x86.Build.0 = Release|Any CPU
	EndGlobalSection
EndGlobal
